PODS:
  - Alamofire (4.2.0)
  - AlamofireObjectMapper (4.0.0):
    - Alamofire (~> 4.0)
    - ObjectMapper (~> 2.0)
  - AsyncSwift (2.0.0)
  - CryptoSwift (0.6.6)
  - Kingfisher (3.2.1)
  - Locksmith (3.0.0)
  - ObjectMapper (2.2.1)
  - QuickShotUtils (0.2.0)
  - RxAlamofire (3.0.0):
    - RxAlamofire/Core (= 3.0.0)
  - RxAlamofire/Core (3.0.0):
    - Alamofire (~> 4.0)
    - RxSwift (~> 3.0)
  - RxCocoa (3.0.1):
    - RxSwift (~> 3.0)
  - RxSwift (3.0.1)
  - SnapKit (3.0.2)
  - SwiftEventBus (2.1.0)
  - SwiftyUserDefaults (3.0.0)
  - Swinject (2.0.0-beta.2)

DEPENDENCIES:
  - AlamofireObjectMapper (~> 4.0)
  - AsyncSwift
  - CryptoSwift
  - Kingfisher
  - Locksmith
  - QuickShotUtils (from `https://github.com/pmlbrito/QuickShotUtils.git`)
  - RxAlamofire
  - RxCocoa (~> 3.0)
  - RxSwift (~> 3.0)
  - SnapKit
  - SwiftEventBus (from `https://github.com/cesarferreira/SwiftEventBus.git`, tag `2.1.2`)
  - SwiftyUserDefaults
  - Swinject (= 2.0.0-beta.2)

EXTERNAL SOURCES:
  QuickShotUtils:
    :git: https://github.com/pmlbrito/QuickShotUtils.git
  SwiftEventBus:
    :git: https://github.com/cesarferreira/SwiftEventBus.git
    :tag: 2.1.2

CHECKOUT OPTIONS:
  QuickShotUtils:
    :commit: 7ca3976bc5d1436c6d314ed745b49df81919c5c8
    :git: https://github.com/pmlbrito/QuickShotUtils.git
  SwiftEventBus:
    :git: https://github.com/cesarferreira/SwiftEventBus.git
    :tag: 2.1.2

SPEC CHECKSUMS:
  Alamofire: aa2e09d871c9160ac53c90e83c68064a94e3dfbe
  AlamofireObjectMapper: 9faa3ce5a240efda1b209009a2d6e1e949227abc
  AsyncSwift: 6ba6ed9ecb51344458063f7c86fe447ab824e313
  CryptoSwift: 88592381b73f36e192124539390a7c9bacda76af
  Kingfisher: 64ef28c6d3d6f344e3ae2d7f5c9da80439505d99
  Locksmith: 310b4cc5031af5728bf4db5d4de547a5100c6a3b
  ObjectMapper: 41e43e1a89f8060ef5ea5d04ba852e269a621d68
  QuickShotUtils: 2c60abe5f4e291b6c12c871eaea48f691f47d82c
  RxAlamofire: 0b1fa48f545fffe7f7a28af2086bcaa3b5946cc9
  RxCocoa: 15a52fc590dcc700cb4a690a633b5c5184ce3a78
  RxSwift: af5680055c4ad04480189c52d28385b1029493a6
  SnapKit: 2e456761aa92d4d4067a7a5594c18769d451a8ad
  SwiftEventBus: 03fb72b65f3ae11912dec2591567b89e5908a781
  SwiftyUserDefaults: 0f1d45fc3aafb9064dac661e367f8f83fe21a4b4
  Swinject: 69a893192efa9f2cc44be79ef423d04d571b6af9

PODFILE CHECKSUM: 5e5a2707efcb7035e21aa93763979cc7b114c8a5

COCOAPODS: 1.1.1
