PODS:
  - AsyncSwift (1.7.2)
  - Kingfisher (2.4.1)
  - Locksmith (2.0.8)
  - QuickShotUtils (0.1.0)
  - RxCocoa (2.5.0):
    - RxSwift (~> 2.5)
  - RxSwift (2.5.0)
  - SnapKit (0.21.1)
  - SwiftyUserDefaults (2.2.0)

DEPENDENCIES:
  - AsyncSwift
  - Kingfisher
  - Locksmith
  - QuickShotUtils (from `https://github.com/pmlbrito/QuickShotUtils.git`)
  - RxCocoa (~> 2.0)
  - RxSwift (~> 2.0)
  - SnapKit
  - SwiftyUserDefaults

EXTERNAL SOURCES:
  QuickShotUtils:
    :git: https://github.com/pmlbrito/QuickShotUtils.git

CHECKOUT OPTIONS:
  QuickShotUtils:
    :commit: 235a30d957ad20d8d2ca46e77d671eb9ef1742ae
    :git: https://github.com/pmlbrito/QuickShotUtils.git

SPEC CHECKSUMS:
  AsyncSwift: 46a78bceb11f0e5bb52747f740d9692ec78d2d7c
  Kingfisher: 41aed5b6c1ed8fa98cf6d75283ce89cf7890f517
  Locksmith: a8ed41ac4c06506ea8cb199d8ec8a8d3d108eb2a
  QuickShotUtils: 400a91f9b43bd9a3b330cbd2d8d91a333731d939
  RxCocoa: e1b1562e57a554d0fb2aabf9d71b637f177257c7
  RxSwift: 402b41a50e922a0368fc14cb3bc9f4427920e8ae
  SnapKit: bbad04cb016c7cead63965f16b00c09318d271ee
  SwiftyUserDefaults: e7c8197a9d4068702e7f2406a968cae413b8de27

PODFILE CHECKSUM: bc31223023ca90dab799280712f55e502e3c9b9e

COCOAPODS: 1.0.0
